
Microsoft Visual Studio Solution File, Format Version 12.00
# Visual Studio Version 17
VisualStudioVersion = 17.8.34309.116
MinimumVisualStudioVersion = 10.0.40219.1
Project("{2150E333-8FDC-42A3-9474-1A3956D46DE8}") = "src", "src", "{CFE7D72C-D217-4353-B4B5-C3E4263DF331}"
EndProject
Project("{FAE04EC0-301F-11D3-BF4B-00C04F79EFBC}") = "BlazorBlog.WebUI.Server", "BlazorBlog.WebUI.Server\BlazorBlog.WebUI.Server.csproj", "{69BF0085-A633-4870-A5F8-384481EA90C5}"
EndProject
Global
	GlobalSection(SolutionConfigurationPlatforms) = preSolution
		Debug|Any CPU = Debug|Any CPU
		Release|Any CPU = Release|Any CPU
	EndGlobalSection
	GlobalSection(ProjectConfigurationPlatforms) = postSolution
		{69BF0085-A633-4870-A5F8-384481EA90C5}.Debug|Any CPU.ActiveCfg = Debug|Any CPU
		{69BF0085-A633-4870-A5F8-384481EA90C5}.Debug|Any CPU.Build.0 = Debug|Any CPU
		{69BF0085-A633-4870-A5F8-384481EA90C5}.Release|Any CPU.ActiveCfg = Release|Any CPU
		{69BF0085-A633-4870-A5F8-384481EA90C5}.Release|Any CPU.Build.0 = Release|Any CPU
	EndGlobalSection
	GlobalSection(SolutionProperties) = preSolution
		HideSolutionNode = FALSE
	EndGlobalSection
	GlobalSection(NestedProjects) = preSolution
		{69BF0085-A633-4870-A5F8-384481EA90C5} = {CFE7D72C-D217-4353-B4B5-C3E4263DF331}
	EndGlobalSection
	GlobalSection(ExtensibilityGlobals) = postSolution
		SolutionGuid = {F01D43C9-DEA7-475B-9996-E0745D417349}
	EndGlobalSection
EndGlobal
